
Microsoft Visual Studio Solution File, Format Version 12.00
# Visual Studio 15
VisualStudioVersion = 15.0.28010.2026
MinimumVisualStudioVersion = 10.0.40219.1
Project("{8BC9CEB8-8B4A-11D0-8D11-00A0C91BC942}") = "jagu_0717(Formula operation)", "jagu_0717(Formula operation)\jagu_0717(Formula operation).vcxproj", "{F46F9827-A205-46CD-994B-D5BA3CE6A92C}"
EndProject
Global
	GlobalSection(SolutionConfigurationPlatforms) = preSolution
		Debug|x64 = Debug|x64
		Debug|x86 = Debug|x86
		Release|x64 = Release|x64
		Release|x86 = Release|x86
	EndGlobalSection
	GlobalSection(ProjectConfigurationPlatforms) = postSolution
		{F46F9827-A205-46CD-994B-D5BA3CE6A92C}.Debug|x64.ActiveCfg = Debug|x64
		{F46F9827-A205-46CD-994B-D5BA3CE6A92C}.Debug|x64.Build.0 = Debug|x64
		{F46F9827-A205-46CD-994B-D5BA3CE6A92C}.Debug|x86.ActiveCfg = Debug|Win32
		{F46F9827-A205-46CD-994B-D5BA3CE6A92C}.Debug|x86.Build.0 = Debug|Win32
		{F46F9827-A205-46CD-994B-D5BA3CE6A92C}.Release|x64.ActiveCfg = Release|x64
		{F46F9827-A205-46CD-994B-D5BA3CE6A92C}.Release|x64.Build.0 = Release|x64
		{F46F9827-A205-46CD-994B-D5BA3CE6A92C}.Release|x86.ActiveCfg = Release|Win32
		{F46F9827-A205-46CD-994B-D5BA3CE6A92C}.Release|x86.Build.0 = Release|Win32
	EndGlobalSection
	GlobalSection(SolutionProperties) = preSolution
		HideSolutionNode = FALSE
	EndGlobalSection
	GlobalSection(ExtensibilityGlobals) = postSolution
		SolutionGuid = {90FD58BF-2162-4F2D-B836-76C83AA2E4A1}
	EndGlobalSection
EndGlobal
